{
    "name": "org.lew.paestudiar",
    "version": "1.0.0",
    "lockfileVersion": 1,
    "requires": true,
    "dependencies": {
        "cordova-plugin-ip-mac-address": {
            "version": "1.0.1",
            "resolved": "https://registry.npmjs.org/cordova-plugin-ip-mac-address/-/cordova-plugin-ip-mac-address-1.0.1.tgz",
            "integrity": "sha512-N8I0oJF2hfokOMtcE4K49mIuZeLrF53IIylAYCHxBoqTK3fMwnMDLyggP1JN+iRYdfmJGPHhFj4Q0wKQuCjp/A=="
        }
    }
}
